
Microsoft Visual Studio Solution File, Format Version 12.00
# Visual Studio Version 17
VisualStudioVersion = 17.10.35201.131
MinimumVisualStudioVersion = 10.0.40219.1
Project("{9A19103F-16F7-4668-BE54-9A1E7A4F7556}") = "OrderApi", "OrderApi\OrderApi.csproj", "{9BD6B328-C204-4047-B849-0E3A9A7C599B}"
EndProject
Project("{2150E333-8FDC-42A3-9474-1A3956D46DE8}") = "Order", "Order", "{C39EE927-2ACC-4E50-A7C7-D36A1553D266}"
EndProject
Project("{9A19103F-16F7-4668-BE54-9A1E7A4F7556}") = "OrderApi.Domain", "OrderApi.Domain\OrderApi.Domain.csproj", "{79223EF4-9DEA-4F11-BB1A-1EF9D77D6F12}"
EndProject
Project("{9A19103F-16F7-4668-BE54-9A1E7A4F7556}") = "OrderApi.Data", "OrderApi.Data\OrderApi.Data.csproj", "{3B93E094-EB2C-46B4-AC8F-DD0AE442954B}"
EndProject
Project("{9A19103F-16F7-4668-BE54-9A1E7A4F7556}") = "OrderApi.Service", "OrderApi.Service\OrderApi.Service.csproj", "{A8135706-F9F5-4C4D-A17C-01517B38F744}"
EndProject
Project("{2150E333-8FDC-42A3-9474-1A3956D46DE8}") = "Customer", "Customer", "{590BED67-F225-4287-9C73-5E822A355529}"
EndProject
Project("{FAE04EC0-301F-11D3-BF4B-00C04F79EFBC}") = "CustomerApi", "CustomerApi\CustomerApi.csproj", "{222FBFE3-8E50-4360-8D5C-D13DBA0640BA}"
EndProject
Project("{FAE04EC0-301F-11D3-BF4B-00C04F79EFBC}") = "CustomerApi.Data", "CustomerApi.Data\CustomerApi.Data.csproj", "{826453EF-3931-4C16-A4CF-8759CD6E891D}"
EndProject
Project("{FAE04EC0-301F-11D3-BF4B-00C04F79EFBC}") = "CustomerApi.Domain", "CustomerApi.Domain\CustomerApi.Domain.csproj", "{7C1623BD-579A-4F80-8EBF-9DAF482218FA}"
EndProject
Project("{FAE04EC0-301F-11D3-BF4B-00C04F79EFBC}") = "CustomerApi.Service", "CustomerApi.Service\CustomerApi.Service.csproj", "{9D023216-8C92-47D2-9244-4E2EE4621CDF}"
EndProject
Global
	GlobalSection(SolutionConfigurationPlatforms) = preSolution
		Debug|Any CPU = Debug|Any CPU
		Release|Any CPU = Release|Any CPU
	EndGlobalSection
	GlobalSection(ProjectConfigurationPlatforms) = postSolution
		{9BD6B328-C204-4047-B849-0E3A9A7C599B}.Debug|Any CPU.ActiveCfg = Debug|Any CPU
		{9BD6B328-C204-4047-B849-0E3A9A7C599B}.Debug|Any CPU.Build.0 = Debug|Any CPU
		{9BD6B328-C204-4047-B849-0E3A9A7C599B}.Release|Any CPU.ActiveCfg = Release|Any CPU
		{9BD6B328-C204-4047-B849-0E3A9A7C599B}.Release|Any CPU.Build.0 = Release|Any CPU
		{79223EF4-9DEA-4F11-BB1A-1EF9D77D6F12}.Debug|Any CPU.ActiveCfg = Debug|Any CPU
		{79223EF4-9DEA-4F11-BB1A-1EF9D77D6F12}.Debug|Any CPU.Build.0 = Debug|Any CPU
		{79223EF4-9DEA-4F11-BB1A-1EF9D77D6F12}.Release|Any CPU.ActiveCfg = Release|Any CPU
		{79223EF4-9DEA-4F11-BB1A-1EF9D77D6F12}.Release|Any CPU.Build.0 = Release|Any CPU
		{3B93E094-EB2C-46B4-AC8F-DD0AE442954B}.Debug|Any CPU.ActiveCfg = Debug|Any CPU
		{3B93E094-EB2C-46B4-AC8F-DD0AE442954B}.Debug|Any CPU.Build.0 = Debug|Any CPU
		{3B93E094-EB2C-46B4-AC8F-DD0AE442954B}.Release|Any CPU.ActiveCfg = Release|Any CPU
		{3B93E094-EB2C-46B4-AC8F-DD0AE442954B}.Release|Any CPU.Build.0 = Release|Any CPU
		{A8135706-F9F5-4C4D-A17C-01517B38F744}.Debug|Any CPU.ActiveCfg = Debug|Any CPU
		{A8135706-F9F5-4C4D-A17C-01517B38F744}.Debug|Any CPU.Build.0 = Debug|Any CPU
		{A8135706-F9F5-4C4D-A17C-01517B38F744}.Release|Any CPU.ActiveCfg = Release|Any CPU
		{A8135706-F9F5-4C4D-A17C-01517B38F744}.Release|Any CPU.Build.0 = Release|Any CPU
		{222FBFE3-8E50-4360-8D5C-D13DBA0640BA}.Debug|Any CPU.ActiveCfg = Debug|Any CPU
		{222FBFE3-8E50-4360-8D5C-D13DBA0640BA}.Debug|Any CPU.Build.0 = Debug|Any CPU
		{222FBFE3-8E50-4360-8D5C-D13DBA0640BA}.Release|Any CPU.ActiveCfg = Release|Any CPU
		{222FBFE3-8E50-4360-8D5C-D13DBA0640BA}.Release|Any CPU.Build.0 = Release|Any CPU
		{826453EF-3931-4C16-A4CF-8759CD6E891D}.Debug|Any CPU.ActiveCfg = Debug|Any CPU
		{826453EF-3931-4C16-A4CF-8759CD6E891D}.Debug|Any CPU.Build.0 = Debug|Any CPU
		{826453EF-3931-4C16-A4CF-8759CD6E891D}.Release|Any CPU.ActiveCfg = Release|Any CPU
		{826453EF-3931-4C16-A4CF-8759CD6E891D}.Release|Any CPU.Build.0 = Release|Any CPU
		{7C1623BD-579A-4F80-8EBF-9DAF482218FA}.Debug|Any CPU.ActiveCfg = Debug|Any CPU
		{7C1623BD-579A-4F80-8EBF-9DAF482218FA}.Debug|Any CPU.Build.0 = Debug|Any CPU
		{7C1623BD-579A-4F80-8EBF-9DAF482218FA}.Release|Any CPU.ActiveCfg = Release|Any CPU
		{7C1623BD-579A-4F80-8EBF-9DAF482218FA}.Release|Any CPU.Build.0 = Release|Any CPU
		{9D023216-8C92-47D2-9244-4E2EE4621CDF}.Debug|Any CPU.ActiveCfg = Debug|Any CPU
		{9D023216-8C92-47D2-9244-4E2EE4621CDF}.Debug|Any CPU.Build.0 = Debug|Any CPU
		{9D023216-8C92-47D2-9244-4E2EE4621CDF}.Release|Any CPU.ActiveCfg = Release|Any CPU
		{9D023216-8C92-47D2-9244-4E2EE4621CDF}.Release|Any CPU.Build.0 = Release|Any CPU
	EndGlobalSection
	GlobalSection(SolutionProperties) = preSolution
		HideSolutionNode = FALSE
	EndGlobalSection
	GlobalSection(NestedProjects) = preSolution
		{9BD6B328-C204-4047-B849-0E3A9A7C599B} = {C39EE927-2ACC-4E50-A7C7-D36A1553D266}
		{79223EF4-9DEA-4F11-BB1A-1EF9D77D6F12} = {C39EE927-2ACC-4E50-A7C7-D36A1553D266}
		{3B93E094-EB2C-46B4-AC8F-DD0AE442954B} = {C39EE927-2ACC-4E50-A7C7-D36A1553D266}
		{A8135706-F9F5-4C4D-A17C-01517B38F744} = {C39EE927-2ACC-4E50-A7C7-D36A1553D266}
		{222FBFE3-8E50-4360-8D5C-D13DBA0640BA} = {590BED67-F225-4287-9C73-5E822A355529}
		{826453EF-3931-4C16-A4CF-8759CD6E891D} = {590BED67-F225-4287-9C73-5E822A355529}
		{7C1623BD-579A-4F80-8EBF-9DAF482218FA} = {590BED67-F225-4287-9C73-5E822A355529}
		{9D023216-8C92-47D2-9244-4E2EE4621CDF} = {590BED67-F225-4287-9C73-5E822A355529}
	EndGlobalSection
	GlobalSection(ExtensibilityGlobals) = postSolution
		SolutionGuid = {A8654499-1AA1-49F0-978A-9C70F98814E4}
	EndGlobalSection
EndGlobal
